
Microsoft Visual Studio Solution File, Format Version 12.00
# Visual Studio Version 16
VisualStudioVersion = 16.0.29806.167
MinimumVisualStudioVersion = 10.0.40219.1
Project("{FAE04EC0-301F-11D3-BF4B-00C04F79EFBC}") = "TP4Unzip", "TP4Unzip\TP4Unzip.csproj", "{EBD9F502-956A-4D6D-A8CD-B0CA65F3C5B8}"
EndProject
Project("{E24C65DC-7377-472B-9ABA-BC803B73C61A}") = "Web", "..\..\..\..\..\..\$Projekte\AVS_Intellihouse\Touchpanel\Web\", "{EAFEC278-6432-46F6-9814-5133FC21AFAF}"
	ProjectSection(WebsiteProperties) = preProject
		TargetFrameworkMoniker = ".NETFramework,Version%3Dv4.0"
		Debug.AspNetCompiler.VirtualPath = "/localhost_55097"
		Debug.AspNetCompiler.PhysicalPath = "..\..\..\..\..\..\$Projekte\AVS_Intellihouse\Touchpanel\Web\"
		Debug.AspNetCompiler.TargetPath = "PrecompiledWeb\localhost_55097\"
		Debug.AspNetCompiler.Updateable = "true"
		Debug.AspNetCompiler.ForceOverwrite = "true"
		Debug.AspNetCompiler.FixedNames = "false"
		Debug.AspNetCompiler.Debug = "True"
		Release.AspNetCompiler.VirtualPath = "/localhost_55097"
		Release.AspNetCompiler.PhysicalPath = "..\..\..\..\..\..\$Projekte\AVS_Intellihouse\Touchpanel\Web\"
		Release.AspNetCompiler.TargetPath = "PrecompiledWeb\localhost_55097\"
		Release.AspNetCompiler.Updateable = "true"
		Release.AspNetCompiler.ForceOverwrite = "true"
		Release.AspNetCompiler.FixedNames = "false"
		Release.AspNetCompiler.Debug = "False"
		VWDPort = "55097"
		SlnRelativePath = "..\..\..\..\..\..\$Projekte\AVS_Intellihouse\Touchpanel\Web\"
	EndProjectSection
EndProject
Global
	GlobalSection(SolutionConfigurationPlatforms) = preSolution
		Debug|Any CPU = Debug|Any CPU
		Release|Any CPU = Release|Any CPU
	EndGlobalSection
	GlobalSection(ProjectConfigurationPlatforms) = postSolution
		{EBD9F502-956A-4D6D-A8CD-B0CA65F3C5B8}.Debug|Any CPU.ActiveCfg = Debug|Any CPU
		{EBD9F502-956A-4D6D-A8CD-B0CA65F3C5B8}.Debug|Any CPU.Build.0 = Debug|Any CPU
		{EBD9F502-956A-4D6D-A8CD-B0CA65F3C5B8}.Release|Any CPU.ActiveCfg = Release|Any CPU
		{EBD9F502-956A-4D6D-A8CD-B0CA65F3C5B8}.Release|Any CPU.Build.0 = Release|Any CPU
		{EAFEC278-6432-46F6-9814-5133FC21AFAF}.Debug|Any CPU.ActiveCfg = Debug|Any CPU
		{EAFEC278-6432-46F6-9814-5133FC21AFAF}.Debug|Any CPU.Build.0 = Debug|Any CPU
		{EAFEC278-6432-46F6-9814-5133FC21AFAF}.Release|Any CPU.ActiveCfg = Debug|Any CPU
		{EAFEC278-6432-46F6-9814-5133FC21AFAF}.Release|Any CPU.Build.0 = Debug|Any CPU
	EndGlobalSection
	GlobalSection(SolutionProperties) = preSolution
		HideSolutionNode = FALSE
	EndGlobalSection
	GlobalSection(ExtensibilityGlobals) = postSolution
		SolutionGuid = {7F07D5A0-31E6-4A94-9035-0F5987AF0DB4}
	EndGlobalSection
EndGlobal
